
Microsoft Visual Studio Solution File, Format Version 12.00
# Visual Studio Version 17
VisualStudioVersion = 17.3.32825.248
MinimumVisualStudioVersion = 10.0.40219.1
Project("{FAE04EC0-301F-11D3-BF4B-00C04F79EFBC}") = "DLWMS.API", "DLWMS.API\DLWMS.API.csproj", "{4932B00B-7059-473F-AA09-427E62291979}"
EndProject
Project("{FAE04EC0-301F-11D3-BF4B-00C04F79EFBC}") = "DLWMS.Servis", "DLWMS.Servis\DLWMS.Servis.csproj", "{E89F7BDE-3038-4B42-987C-8B00B83B3DBD}"
EndProject
Project("{FAE04EC0-301F-11D3-BF4B-00C04F79EFBC}") = "DLWMS.Repository", "DLWMS.Repository\DLWMS.Repository.csproj", "{67D3F56E-F637-4ACE-B033-64D0FBD3A4AB}"
EndProject
Project("{FAE04EC0-301F-11D3-BF4B-00C04F79EFBC}") = "DLWMS.Core", "DLWMS.Core\DLWMS.Core.csproj", "{A140946E-218B-41E6-BE39-5AB6655844E9}"
EndProject
Project("{FAE04EC0-301F-11D3-BF4B-00C04F79EFBC}") = "DLWMS.Web", "DLWMS.Web\DLWMS.Web.csproj", "{32C57B46-AAF0-471A-ADA4-137405A5A542}"
EndProject
Global
	GlobalSection(SolutionConfigurationPlatforms) = preSolution
		Debug|Any CPU = Debug|Any CPU
		Release|Any CPU = Release|Any CPU
	EndGlobalSection
	GlobalSection(ProjectConfigurationPlatforms) = postSolution
		{4932B00B-7059-473F-AA09-427E62291979}.Debug|Any CPU.ActiveCfg = Debug|Any CPU
		{4932B00B-7059-473F-AA09-427E62291979}.Debug|Any CPU.Build.0 = Debug|Any CPU
		{4932B00B-7059-473F-AA09-427E62291979}.Release|Any CPU.ActiveCfg = Release|Any CPU
		{4932B00B-7059-473F-AA09-427E62291979}.Release|Any CPU.Build.0 = Release|Any CPU
		{E89F7BDE-3038-4B42-987C-8B00B83B3DBD}.Debug|Any CPU.ActiveCfg = Debug|Any CPU
		{E89F7BDE-3038-4B42-987C-8B00B83B3DBD}.Debug|Any CPU.Build.0 = Debug|Any CPU
		{E89F7BDE-3038-4B42-987C-8B00B83B3DBD}.Release|Any CPU.ActiveCfg = Release|Any CPU
		{E89F7BDE-3038-4B42-987C-8B00B83B3DBD}.Release|Any CPU.Build.0 = Release|Any CPU
		{67D3F56E-F637-4ACE-B033-64D0FBD3A4AB}.Debug|Any CPU.ActiveCfg = Debug|Any CPU
		{67D3F56E-F637-4ACE-B033-64D0FBD3A4AB}.Debug|Any CPU.Build.0 = Debug|Any CPU
		{67D3F56E-F637-4ACE-B033-64D0FBD3A4AB}.Release|Any CPU.ActiveCfg = Release|Any CPU
		{67D3F56E-F637-4ACE-B033-64D0FBD3A4AB}.Release|Any CPU.Build.0 = Release|Any CPU
		{A140946E-218B-41E6-BE39-5AB6655844E9}.Debug|Any CPU.ActiveCfg = Debug|Any CPU
		{A140946E-218B-41E6-BE39-5AB6655844E9}.Debug|Any CPU.Build.0 = Debug|Any CPU
		{A140946E-218B-41E6-BE39-5AB6655844E9}.Release|Any CPU.ActiveCfg = Release|Any CPU
		{A140946E-218B-41E6-BE39-5AB6655844E9}.Release|Any CPU.Build.0 = Release|Any CPU
		{32C57B46-AAF0-471A-ADA4-137405A5A542}.Debug|Any CPU.ActiveCfg = Debug|Any CPU
		{32C57B46-AAF0-471A-ADA4-137405A5A542}.Debug|Any CPU.Build.0 = Debug|Any CPU
		{32C57B46-AAF0-471A-ADA4-137405A5A542}.Release|Any CPU.ActiveCfg = Release|Any CPU
		{32C57B46-AAF0-471A-ADA4-137405A5A542}.Release|Any CPU.Build.0 = Release|Any CPU
	EndGlobalSection
	GlobalSection(SolutionProperties) = preSolution
		HideSolutionNode = FALSE
	EndGlobalSection
	GlobalSection(ExtensibilityGlobals) = postSolution
		SolutionGuid = {424F98B9-BE14-4C06-B483-25631D771F68}
	EndGlobalSection
EndGlobal
